
Microsoft Visual Studio Solution File, Format Version 12.00
# Visual Studio Version 17
VisualStudioVersion = 17.8.34322.80
MinimumVisualStudioVersion = 10.0.40219.1
Project("{2150E333-8FDC-42A3-9474-1A3956D46DE8}") = "Services", "Services", "{16ED0BF2-1D8F-4FAB-8CDF-2EEAAB53EECC}"
EndProject
Project("{2150E333-8FDC-42A3-9474-1A3956D46DE8}") = "Catolog", "Catolog", "{5E1A9485-A5A3-4C33-B12D-3ADC8A9CBF11}"
EndProject
Project("{9A19103F-16F7-4668-BE54-9A1E7A4F7556}") = "FreeCourse.Services.Catolog", "Services\Catolog\FreeCourse.Services.Catolog\FreeCourse.Services.Catolog.csproj", "{9E21F195-070E-4BD5-90E5-E5207E240621}"
EndProject
Project("{2150E333-8FDC-42A3-9474-1A3956D46DE8}") = "Solution Items", "Solution Items", "{C8F01D2F-D8EA-4891-A360-2398A5EA704B}"
	ProjectSection(SolutionItems) = preProject
		.ignore = .ignore
		Ports.txt = Ports.txt
	EndProjectSection
EndProject
Project("{2150E333-8FDC-42A3-9474-1A3956D46DE8}") = "Shared", "Shared", "{4DC02C8E-16D6-419E-A2F1-F1452CE9D590}"
EndProject
Project("{FAE04EC0-301F-11D3-BF4B-00C04F79EFBC}") = "FreeCourse.Shared", "Services\Shared\FreeCourse.Shared\FreeCourse.Shared.csproj", "{49AAC1F3-ED9F-48CF-B7D7-AB98DD16C228}"
EndProject
Global
	GlobalSection(SolutionConfigurationPlatforms) = preSolution
		Debug|Any CPU = Debug|Any CPU
		Release|Any CPU = Release|Any CPU
	EndGlobalSection
	GlobalSection(ProjectConfigurationPlatforms) = postSolution
		{9E21F195-070E-4BD5-90E5-E5207E240621}.Debug|Any CPU.ActiveCfg = Debug|Any CPU
		{9E21F195-070E-4BD5-90E5-E5207E240621}.Debug|Any CPU.Build.0 = Debug|Any CPU
		{9E21F195-070E-4BD5-90E5-E5207E240621}.Release|Any CPU.ActiveCfg = Release|Any CPU
		{9E21F195-070E-4BD5-90E5-E5207E240621}.Release|Any CPU.Build.0 = Release|Any CPU
		{49AAC1F3-ED9F-48CF-B7D7-AB98DD16C228}.Debug|Any CPU.ActiveCfg = Debug|Any CPU
		{49AAC1F3-ED9F-48CF-B7D7-AB98DD16C228}.Debug|Any CPU.Build.0 = Debug|Any CPU
		{49AAC1F3-ED9F-48CF-B7D7-AB98DD16C228}.Release|Any CPU.ActiveCfg = Release|Any CPU
		{49AAC1F3-ED9F-48CF-B7D7-AB98DD16C228}.Release|Any CPU.Build.0 = Release|Any CPU
	EndGlobalSection
	GlobalSection(SolutionProperties) = preSolution
		HideSolutionNode = FALSE
	EndGlobalSection
	GlobalSection(NestedProjects) = preSolution
		{5E1A9485-A5A3-4C33-B12D-3ADC8A9CBF11} = {16ED0BF2-1D8F-4FAB-8CDF-2EEAAB53EECC}
		{9E21F195-070E-4BD5-90E5-E5207E240621} = {5E1A9485-A5A3-4C33-B12D-3ADC8A9CBF11}
		{4DC02C8E-16D6-419E-A2F1-F1452CE9D590} = {16ED0BF2-1D8F-4FAB-8CDF-2EEAAB53EECC}
		{49AAC1F3-ED9F-48CF-B7D7-AB98DD16C228} = {4DC02C8E-16D6-419E-A2F1-F1452CE9D590}
	EndGlobalSection
	GlobalSection(ExtensibilityGlobals) = postSolution
		SolutionGuid = {0F8E41A1-548E-4ABD-B288-B2B05BDF730A}
	EndGlobalSection
EndGlobal
